{
  "name": "probhub",
  "version": "0.6.0",
  "lockfileVersion": 3,
  "requires": true,
  "packages": {
    "": {
      "name": "probhub",
      "version": "0.6.0",
      "license": "MIT",
      "bin": {
        "probhub": "bin/probhub.js",
        "probhub-skill": "bin/init.js"
      },
      "engines": {
        "node": ">=18"
      }
    }
  }
}
